
Microsoft Visual Studio Solution File, Format Version 12.00
# Visual Studio Version 16
VisualStudioVersion = 16.0.30114.105
MinimumVisualStudioVersion = 10.0.40219.1
Project("{FAE04EC0-301F-11D3-BF4B-00C04F79EFBC}") = "DEVinCar.Api", "DEVinCar.Api\DEVinCar.Api.csproj", "{D9A76EEA-9C5C-4B22-ADEB-E2A96183A822}"
EndProject
Global
	GlobalSection(SolutionConfigurationPlatforms) = preSolution
		Debug|Any CPU = Debug|Any CPU
		Release|Any CPU = Release|Any CPU
	EndGlobalSection
	GlobalSection(SolutionProperties) = preSolution
		HideSolutionNode = FALSE
	EndGlobalSection
	GlobalSection(ProjectConfigurationPlatforms) = postSolution
		{D9A76EEA-9C5C-4B22-ADEB-E2A96183A822}.Debug|Any CPU.ActiveCfg = Debug|Any CPU
		{D9A76EEA-9C5C-4B22-ADEB-E2A96183A822}.Debug|Any CPU.Build.0 = Debug|Any CPU
		{D9A76EEA-9C5C-4B22-ADEB-E2A96183A822}.Release|Any CPU.ActiveCfg = Release|Any CPU
		{D9A76EEA-9C5C-4B22-ADEB-E2A96183A822}.Release|Any CPU.Build.0 = Release|Any CPU
	EndGlobalSection
EndGlobal
